# THIS IS AN AUTOGENERATED FILE. DO NOT EDIT THIS FILE DIRECTLY.
# yarn lockfile v1


classnames@^2.2.5:
  version "2.3.2"
  resolved "https://registry.yarnpkg.com/classnames/-/classnames-2.3.2.tgz#351d813bf0137fcc6a76a16b88208d2560a0d924"
  integrity sha512-CSbhY4cFEJRe6/GQzIk5qXZ4Jeg5pcsP7b5peFSDpffpe1cqjASH/n9UTjBwOp6XpMSTwQ8Za2K5V02ueA7Tmw==

core-js@^3.1.3:
  version "3.34.0"
  resolved "https://registry.yarnpkg.com/core-js/-/core-js-3.34.0.tgz#5705e6ad5982678612e96987d05b27c6c7c274a5"
  integrity sha512-aDdvlDder8QmY91H88GzNi9EtQi2TjvQhpCX6B1v/dAZHU1AuLgHvRh54RiOerpEhEW46Tkf+vgAViB/CWC0ag==

feather-icons@^4.28.0:
  version "4.29.1"
  resolved "https://registry.yarnpkg.com/feather-icons/-/feather-icons-4.29.1.tgz#f222aaa4cc6fca499356660c9de6c009ee2cb117"
  integrity sha512-P1we61haGTds6lKWe6CCVPsNULb8tHr1y6S9gXEpU+lNR1Ja7GdV0A1l2hTNmzXv+0Stix/3YMWMAn7n1Qtd6A==
  dependencies:
    classnames "^2.2.5"
    core-js "^3.1.3"

inter-font@^3.19.0:
  version "3.19.0"
  resolved "https://registry.yarnpkg.com/inter-font/-/inter-font-3.19.0.tgz#5c36374e7c88cf8f8ad264e12e965c2fc86f44ac"
  integrity sha512-LKPEweQxslLgp6VaTZuz8vRC8dHsAMy8b28yipwQgcKlYSYJH//lCsLGXpH9cjOQ61K4SiEWCSrItVs8c9As4A==
